{
  "name": "bowtie-ata",
  "version": "1.0.0",
  "lockfileVersion": 3,
  "requires": true,
  "packages": {
    "": {
      "name": "bowtie-ata",
      "version": "1.0.0",
      "dependencies": {
        "ata-validator": "^1.30.3"
      }
    },
    "node_modules/@ata-validator/native-darwin-arm64": {
      "version": "1.30.3",
      "resolved": "https://registry.npmjs.org/@ata-validator/native-darwin-arm64/-/native-darwin-arm64-1.30.3.tgz",
      "integrity": "sha512-RXSFTcM29PuMSRuoV5CPX5B4LCzT3JraG0+71+wgF047sEY7jeRVJAs2xK4U95Hz4lI8HceASuIuyPNZovNp9w==",
      "cpu": [
        "arm64"
      ],
      "license": "MIT",
      "optional": true,
      "os": [
        "darwin"
      ]
    },
    "node_modules/@ata-validator/native-darwin-x64": {
      "version": "1.30.3",
      "resolved": "https://registry.npmjs.org/@ata-validator/native-darwin-x64/-/native-darwin-x64-1.30.3.tgz",
      "integrity": "sha512-8JHK8e6QvaD3IpNfCsxrRx3WOjPl9uauh7L/a2J3XsgameLCdV01GbhwTjI7zckTqkxOlJhMclx9HZ8kFnBByg==",
      "cpu": [
        "x64"
      ],
      "license": "MIT",
      "optional": true,
      "os": [
        "darwin"
      ]
    },
    "node_modules/@ata-validator/native-linux-arm64-gnu": {
      "version": "1.30.3",
      "resolved": "https://registry.npmjs.org/@ata-validator/native-linux-arm64-gnu/-/native-linux-arm64-gnu-1.30.3.tgz",
      "integrity": "sha512-VFSOs3CdqlClN+GHEQ1DRBPuUJ6rdmgdUL3w46/kwzzotk/gIuBDgt5YzdnpZSt3cd8EiMl8+rkRdI7iPVUbcg==",
      "cpu": [
        "arm64"
      ],
      "libc": [
        "glibc"
      ],
      "license": "MIT",
      "optional": true,
      "os": [
        "linux"
      ]
    },
    "node_modules/@ata-validator/native-linux-arm64-musl": {
      "version": "1.30.3",
      "resolved": "https://registry.npmjs.org/@ata-validator/native-linux-arm64-musl/-/native-linux-arm64-musl-1.30.3.tgz",
      "integrity": "sha512-IkWxRtUv2rzlQeDsAcyGTRMJw8n6dJVOaMjksF/Mzn6pcOjxFJxtmd9JxWpp+tLmJWOw5Pag/nWaouBpINASxA==",
      "cpu": [
        "arm64"
      ],
      "libc": [
        "musl"
      ],
      "license": "MIT",
      "optional": true,
      "os": [
        "linux"
      ]
    },
    "node_modules/@ata-validator/native-linux-x64-gnu": {
      "version": "1.30.3",
      "resolved": "https://registry.npmjs.org/@ata-validator/native-linux-x64-gnu/-/native-linux-x64-gnu-1.30.3.tgz",
      "integrity": "sha512-2fbi06DI5S3PBD33EgGLtlQkRRYEMWmTowCqVK2a7H/X4Ht4XVgPpSxc/tErmzMdLSENAoHQQXnzsUHtXF4VBQ==",
      "cpu": [
        "x64"
      ],
      "libc": [
        "glibc"
      ],
      "license": "MIT",
      "optional": true,
      "os": [
        "linux"
      ]
    },
    "node_modules/@ata-validator/native-linux-x64-musl": {
      "version": "1.30.3",
      "resolved": "https://registry.npmjs.org/@ata-validator/native-linux-x64-musl/-/native-linux-x64-musl-1.30.3.tgz",
      "integrity": "sha512-OAujbZxBvGAdOQPuJ0rsDF2tTYRmt3DoRGwqcZpHcDV7UpTPC+MJfA63vIdX6jADVE7K2hIXa9pVC6KNrU1Oig==",
      "cpu": [
        "x64"
      ],
      "libc": [
        "musl"
      ],
      "license": "MIT",
      "optional": true,
      "os": [
        "linux"
      ]
    },
    "node_modules/@ata-validator/native-win32-x64": {
      "version": "1.30.3",
      "resolved": "https://registry.npmjs.org/@ata-validator/native-win32-x64/-/native-win32-x64-1.30.3.tgz",
      "integrity": "sha512-lRBqEWTGyLT8rwQptyQsr+/tezhJrrF03aLwgct1/xXQAyKyaYByBVPc2pD4uShdd2DwmOXAuH7Sq6inNXJzRA==",
      "cpu": [
        "x64"
      ],
      "license": "MIT",
      "optional": true,
      "os": [
        "win32"
      ]
    },
    "node_modules/ata-validator": {
      "version": "1.30.3",
      "resolved": "https://registry.npmjs.org/ata-validator/-/ata-validator-1.30.3.tgz",
      "integrity": "sha512-kFtAI7JZASc19v1Gvg7No6ZuBSnGFhMMyghKXDhUgacYtIVvYEfyjDG2H1zaC2QKqeF3NcL3ssxqTbuOeN2USQ==",
      "license": "MIT",
      "bin": {
        "ata": "bin/ata.js"
      },
      "engines": {
        "node": ">=20.0.0"
      },
      "optionalDependencies": {
        "@ata-validator/native-darwin-arm64": "1.30.3",
        "@ata-validator/native-darwin-x64": "1.30.3",
        "@ata-validator/native-linux-arm64-gnu": "1.30.3",
        "@ata-validator/native-linux-arm64-musl": "1.30.3",
        "@ata-validator/native-linux-x64-gnu": "1.30.3",
        "@ata-validator/native-linux-x64-musl": "1.30.3",
        "@ata-validator/native-win32-x64": "1.30.3"
      },
      "peerDependencies": {
        "yaml": "^2.0.0"
      },
      "peerDependenciesMeta": {
        "yaml": {
          "optional": true
        }
      }
    }
  }
}
