{
  "name": "bowtie-ata",
  "version": "1.0.0",
  "lockfileVersion": 3,
  "requires": true,
  "packages": {
    "": {
      "name": "bowtie-ata",
      "version": "1.0.0",
      "dependencies": {
        "ata-validator": "^1.13.2"
      }
    },
    "node_modules/@ata-validator/native-darwin-arm64": {
      "version": "1.13.2",
      "resolved": "https://registry.npmjs.org/@ata-validator/native-darwin-arm64/-/native-darwin-arm64-1.13.2.tgz",
      "integrity": "sha512-eVkS9rhK+K6tY5Ou5BRvKWYcEnGVe/thqNucnRI3/MmW54rklkEZx7rN2mY/EA53+xPzbG0eGMsCL0pnnjOUFw==",
      "cpu": [
        "arm64"
      ],
      "license": "MIT",
      "optional": true,
      "os": [
        "darwin"
      ]
    },
    "node_modules/@ata-validator/native-darwin-x64": {
      "version": "1.13.2",
      "resolved": "https://registry.npmjs.org/@ata-validator/native-darwin-x64/-/native-darwin-x64-1.13.2.tgz",
      "integrity": "sha512-mLl5CWHFQFqpkN/cAKYzV7PDh1QtcXpgLPq8KYMMDHGYwiCDt4YBQK+eOAHE708NTdqxWphaRYTToInqKiHWIA==",
      "cpu": [
        "x64"
      ],
      "license": "MIT",
      "optional": true,
      "os": [
        "darwin"
      ]
    },
    "node_modules/@ata-validator/native-linux-arm64-gnu": {
      "version": "1.13.2",
      "resolved": "https://registry.npmjs.org/@ata-validator/native-linux-arm64-gnu/-/native-linux-arm64-gnu-1.13.2.tgz",
      "integrity": "sha512-+cV7k9eAtjoyYGjbJDOSuAZ8x4+hg2vWNPUkw/AU6pOt+yHFRrRwuWH9mtGubTAzhIl+ceOKJgRcTt75ytvFBQ==",
      "cpu": [
        "arm64"
      ],
      "libc": [
        "glibc"
      ],
      "license": "MIT",
      "optional": true,
      "os": [
        "linux"
      ]
    },
    "node_modules/@ata-validator/native-linux-arm64-musl": {
      "version": "1.13.2",
      "resolved": "https://registry.npmjs.org/@ata-validator/native-linux-arm64-musl/-/native-linux-arm64-musl-1.13.2.tgz",
      "integrity": "sha512-8+Cndi/wqKCmExWX6U0teVaBbgltrThPZP+avdcDMpqnZxLCo3J3kdiQN4iEGjVu3LI627HMvOX839sI0nlVTQ==",
      "cpu": [
        "arm64"
      ],
      "libc": [
        "musl"
      ],
      "license": "MIT",
      "optional": true,
      "os": [
        "linux"
      ]
    },
    "node_modules/@ata-validator/native-linux-x64-gnu": {
      "version": "1.13.2",
      "resolved": "https://registry.npmjs.org/@ata-validator/native-linux-x64-gnu/-/native-linux-x64-gnu-1.13.2.tgz",
      "integrity": "sha512-S3dbc4UVrCKo/573XA8/kl+Dr1NzIUrfLJcuyv+07hsHxtR+ZWDYhTLMvkzn3WTu7SApav2TXRtGQNC6rJg2Rw==",
      "cpu": [
        "x64"
      ],
      "libc": [
        "glibc"
      ],
      "license": "MIT",
      "optional": true,
      "os": [
        "linux"
      ]
    },
    "node_modules/@ata-validator/native-linux-x64-musl": {
      "version": "1.13.2",
      "resolved": "https://registry.npmjs.org/@ata-validator/native-linux-x64-musl/-/native-linux-x64-musl-1.13.2.tgz",
      "integrity": "sha512-bVL5JBGnio0Je874M2JlgmWDP0JBupjlg/vdob8gRJwnPTMobAqZrDWv1C7nHWqEP6VOjapo0aiPVSWhjbrueA==",
      "cpu": [
        "x64"
      ],
      "libc": [
        "musl"
      ],
      "license": "MIT",
      "optional": true,
      "os": [
        "linux"
      ]
    },
    "node_modules/@ata-validator/native-win32-x64": {
      "version": "1.13.2",
      "resolved": "https://registry.npmjs.org/@ata-validator/native-win32-x64/-/native-win32-x64-1.13.2.tgz",
      "integrity": "sha512-7mmQj9dsV70V+l+/SrjfcZzcMExqKGv/2xhLmnQkdXJmwyfvev7ao3lKQjaBxQWLVru/he2gd2obbQ+dItNj6Q==",
      "cpu": [
        "x64"
      ],
      "license": "MIT",
      "optional": true,
      "os": [
        "win32"
      ]
    },
    "node_modules/ata-validator": {
      "version": "1.13.2",
      "resolved": "https://registry.npmjs.org/ata-validator/-/ata-validator-1.13.2.tgz",
      "integrity": "sha512-Yl8O8x0eM4A3szFxBfQzSWbo6Q9cTaFceRQR8D2Ci5fOEhHUbY+77AGEZfwYmlRuXHURzTcngOICBHTyoK3YvQ==",
      "license": "MIT",
      "bin": {
        "ata": "bin/ata.js"
      },
      "engines": {
        "node": ">=20.0.0"
      },
      "optionalDependencies": {
        "@ata-validator/native-darwin-arm64": "1.13.2",
        "@ata-validator/native-darwin-x64": "1.13.2",
        "@ata-validator/native-linux-arm64-gnu": "1.13.2",
        "@ata-validator/native-linux-arm64-musl": "1.13.2",
        "@ata-validator/native-linux-x64-gnu": "1.13.2",
        "@ata-validator/native-linux-x64-musl": "1.13.2",
        "@ata-validator/native-win32-x64": "1.13.2"
      },
      "peerDependencies": {
        "yaml": "^2.0.0"
      },
      "peerDependenciesMeta": {
        "yaml": {
          "optional": true
        }
      }
    }
  }
}
