{
  "name": "bowtie-ata",
  "version": "1.0.0",
  "lockfileVersion": 3,
  "requires": true,
  "packages": {
    "": {
      "name": "bowtie-ata",
      "version": "1.0.0",
      "dependencies": {
        "ata-validator": "^1.17.2"
      }
    },
    "node_modules/@ata-validator/native-darwin-arm64": {
      "version": "1.17.2",
      "resolved": "https://registry.npmjs.org/@ata-validator/native-darwin-arm64/-/native-darwin-arm64-1.17.2.tgz",
      "integrity": "sha512-EJKbNlSeSejKdBYnJIwIsSKbCocaQfIphhW/w2GOf1rGzZHNkLgIw7Rl55FlD1Jl8Y+NXKk09ShmBkq+ghdNxg==",
      "cpu": [
        "arm64"
      ],
      "license": "MIT",
      "optional": true,
      "os": [
        "darwin"
      ]
    },
    "node_modules/@ata-validator/native-darwin-x64": {
      "version": "1.17.2",
      "resolved": "https://registry.npmjs.org/@ata-validator/native-darwin-x64/-/native-darwin-x64-1.17.2.tgz",
      "integrity": "sha512-u+FCBbLMm7M0qzIY+P80w8Jzd84gJh3G6Sq3UHkGEQsB4mSwPrrhsREHSAU/uyggUpp/mgRYrIllfSQWt6WTZg==",
      "cpu": [
        "x64"
      ],
      "license": "MIT",
      "optional": true,
      "os": [
        "darwin"
      ]
    },
    "node_modules/@ata-validator/native-linux-arm64-gnu": {
      "version": "1.17.2",
      "resolved": "https://registry.npmjs.org/@ata-validator/native-linux-arm64-gnu/-/native-linux-arm64-gnu-1.17.2.tgz",
      "integrity": "sha512-DGluLdGWE4Mfj2lt/uQXR+fv9VsHn4Y+3qCx8O0OV2BXkvYItEXlygbzqfroNIFL67I10zeJHF++quNh3Knc8g==",
      "cpu": [
        "arm64"
      ],
      "libc": [
        "glibc"
      ],
      "license": "MIT",
      "optional": true,
      "os": [
        "linux"
      ]
    },
    "node_modules/@ata-validator/native-linux-arm64-musl": {
      "version": "1.17.2",
      "resolved": "https://registry.npmjs.org/@ata-validator/native-linux-arm64-musl/-/native-linux-arm64-musl-1.17.2.tgz",
      "integrity": "sha512-xPKzse5OXXxOvfuho4CSh+69Lznow7D/TQ0JK2VYdMCfy+VQv2nH+3+e66I/Rz/nCpprqI+uUD4a+pq/KowUSg==",
      "cpu": [
        "arm64"
      ],
      "libc": [
        "musl"
      ],
      "license": "MIT",
      "optional": true,
      "os": [
        "linux"
      ]
    },
    "node_modules/@ata-validator/native-linux-x64-gnu": {
      "version": "1.17.2",
      "resolved": "https://registry.npmjs.org/@ata-validator/native-linux-x64-gnu/-/native-linux-x64-gnu-1.17.2.tgz",
      "integrity": "sha512-Xi5nC2LBbEmfFVZHPVdZeIvMeDluo4bPYkNkZSj0IWjYx/w+tZkfVZRaq8OpQMhljvXNX+hBi2fqpfIyoTHR8Q==",
      "cpu": [
        "x64"
      ],
      "libc": [
        "glibc"
      ],
      "license": "MIT",
      "optional": true,
      "os": [
        "linux"
      ]
    },
    "node_modules/@ata-validator/native-linux-x64-musl": {
      "version": "1.17.2",
      "resolved": "https://registry.npmjs.org/@ata-validator/native-linux-x64-musl/-/native-linux-x64-musl-1.17.2.tgz",
      "integrity": "sha512-lJaBk1VqWQBmxCwN06DDVfAExHG/X/wNstWHfyoQgUE/zVlQFbd6TjJ7H3BIOt78eXTMqpQHuxebe990VP4zzQ==",
      "cpu": [
        "x64"
      ],
      "libc": [
        "musl"
      ],
      "license": "MIT",
      "optional": true,
      "os": [
        "linux"
      ]
    },
    "node_modules/@ata-validator/native-win32-x64": {
      "version": "1.17.2",
      "resolved": "https://registry.npmjs.org/@ata-validator/native-win32-x64/-/native-win32-x64-1.17.2.tgz",
      "integrity": "sha512-KVZ8puetwHu0z2nKmUNJZl/LDP1+62PHjubW8nSN5RkFRaOlV0XpP+/cSm2bxDakIKOgZispnIwSlbG2ilINbg==",
      "cpu": [
        "x64"
      ],
      "license": "MIT",
      "optional": true,
      "os": [
        "win32"
      ]
    },
    "node_modules/ata-validator": {
      "version": "1.17.2",
      "resolved": "https://registry.npmjs.org/ata-validator/-/ata-validator-1.17.2.tgz",
      "integrity": "sha512-KDI2VLc510bfuMjFo1ZkI/S0X3ylHXVuBDGWFEN9SQ3iSZ0ULEBo5+6XIecKpVtx4P7jXS0HXxo3gBqLGbRbjw==",
      "license": "MIT",
      "bin": {
        "ata": "bin/ata.js"
      },
      "engines": {
        "node": ">=20.0.0"
      },
      "optionalDependencies": {
        "@ata-validator/native-darwin-arm64": "1.17.2",
        "@ata-validator/native-darwin-x64": "1.17.2",
        "@ata-validator/native-linux-arm64-gnu": "1.17.2",
        "@ata-validator/native-linux-arm64-musl": "1.17.2",
        "@ata-validator/native-linux-x64-gnu": "1.17.2",
        "@ata-validator/native-linux-x64-musl": "1.17.2",
        "@ata-validator/native-win32-x64": "1.17.2"
      },
      "peerDependencies": {
        "yaml": "^2.0.0"
      },
      "peerDependenciesMeta": {
        "yaml": {
          "optional": true
        }
      }
    }
  }
}
